
Microsoft Visual Studio Solution File, Format Version 12.00
Project("{FAE04EC0-301F-11D3-BF4B-00C04F79EFBC}") = "PFXToolKitUI", "PFXToolKitUI\PFXToolKitUI.csproj", "{2EA5185B-450D-4ECD-BC94-0FA95B6FFF0C}"
EndProject
Project("{FAE04EC0-301F-11D3-BF4B-00C04F79EFBC}") = "PFXToolKitUI.Avalonia", "PFXToolKitUI.Avalonia\PFXToolKitUI.Avalonia.csproj", "{C64DF327-A460-4F7C-9A23-8F164A867CF3}"
EndProject
Project("{FAE04EC0-301F-11D3-BF4B-00C04F79EFBC}") = "PFXToolKitUI.UtilTests", "PFXToolKitUI.UtilTests\PFXToolKitUI.UtilTests.csproj", "{FAA8F1AA-AAA3-4C5F-8195-B87DE3EDB8CD}"
EndProject
Project("{2150E333-8FDC-42A3-9474-1A3956D46DE8}") = "ILMath", "ILMath", "{21B92D26-CC9E-49B3-8A37-5119B7F09722}"
	ProjectSection(SolutionItems) = preProject
		ILMath\LICENSE = ILMath\LICENSE
		ILMath\README.md = ILMath\README.md
	EndProjectSection
EndProject
Project("{FAE04EC0-301F-11D3-BF4B-00C04F79EFBC}") = "ILMath", "ILMath\ILMath\ILMath.csproj", "{8106F5A7-FCF1-469F-8F72-890B48DF3B60}"
EndProject
Global
	GlobalSection(SolutionConfigurationPlatforms) = preSolution
		Debug|Any CPU = Debug|Any CPU
		Release|Any CPU = Release|Any CPU
	EndGlobalSection
	GlobalSection(ProjectConfigurationPlatforms) = postSolution
		{2EA5185B-450D-4ECD-BC94-0FA95B6FFF0C}.Debug|Any CPU.ActiveCfg = Debug|Any CPU
		{2EA5185B-450D-4ECD-BC94-0FA95B6FFF0C}.Debug|Any CPU.Build.0 = Debug|Any CPU
		{2EA5185B-450D-4ECD-BC94-0FA95B6FFF0C}.Release|Any CPU.ActiveCfg = Release|Any CPU
		{2EA5185B-450D-4ECD-BC94-0FA95B6FFF0C}.Release|Any CPU.Build.0 = Release|Any CPU
		{C64DF327-A460-4F7C-9A23-8F164A867CF3}.Debug|Any CPU.ActiveCfg = Debug|Any CPU
		{C64DF327-A460-4F7C-9A23-8F164A867CF3}.Debug|Any CPU.Build.0 = Debug|Any CPU
		{C64DF327-A460-4F7C-9A23-8F164A867CF3}.Release|Any CPU.ActiveCfg = Release|Any CPU
		{C64DF327-A460-4F7C-9A23-8F164A867CF3}.Release|Any CPU.Build.0 = Release|Any CPU
		{FAA8F1AA-AAA3-4C5F-8195-B87DE3EDB8CD}.Debug|Any CPU.ActiveCfg = Debug|Any CPU
		{FAA8F1AA-AAA3-4C5F-8195-B87DE3EDB8CD}.Debug|Any CPU.Build.0 = Debug|Any CPU
		{FAA8F1AA-AAA3-4C5F-8195-B87DE3EDB8CD}.Release|Any CPU.ActiveCfg = Release|Any CPU
		{FAA8F1AA-AAA3-4C5F-8195-B87DE3EDB8CD}.Release|Any CPU.Build.0 = Release|Any CPU
		{8106F5A7-FCF1-469F-8F72-890B48DF3B60}.Debug|Any CPU.ActiveCfg = Debug|Any CPU
		{8106F5A7-FCF1-469F-8F72-890B48DF3B60}.Debug|Any CPU.Build.0 = Debug|Any CPU
		{8106F5A7-FCF1-469F-8F72-890B48DF3B60}.Release|Any CPU.ActiveCfg = Release|Any CPU
		{8106F5A7-FCF1-469F-8F72-890B48DF3B60}.Release|Any CPU.Build.0 = Release|Any CPU
	EndGlobalSection
	GlobalSection(NestedProjects) = preSolution
		{8106F5A7-FCF1-469F-8F72-890B48DF3B60} = {21B92D26-CC9E-49B3-8A37-5119B7F09722}
	EndGlobalSection
EndGlobal
